{
  "nodes": {
    "comentario": {
      "flake": false,
      "locked": {
        "lastModified": 1726311252,
        "narHash": "sha256-o7NOj6Yy0h7KQb4zrz7o4ukb2+YFl5may64M43JaSvQ=",
        "owner": "comentario",
        "repo": "comentario",
        "rev": "95e3075a2a18af61411cac97dd70e06d0c2e4842",
        "type": "gitlab"
      },
      "original": {
        "owner": "comentario",
        "ref": "v3.10.0",
        "repo": "comentario",
        "type": "gitlab"
      }
    },
    "nixpkgs": {
      "locked": {
        "lastModified": 1728538411,
        "narHash": "sha256-f0SBJz1eZ2yOuKUr5CA9BHULGXVSn6miBuUWdTyhUhU=",
        "owner": "NixOS",
        "repo": "nixpkgs",
        "rev": "b69de56fac8c2b6f8fd27f2eca01dcda8e0a4221",
        "type": "github"
      },
      "original": {
        "owner": "NixOS",
        "ref": "nixpkgs-unstable",
        "repo": "nixpkgs",
        "type": "github"
      }
    },
    "root": {
      "inputs": {
        "comentario": "comentario",
        "nixpkgs": "nixpkgs"
      }
    }
  },
  "root": "root",
  "version": 7
}
