{
  "nodes": {
    "comentario": {
      "flake": false,
      "locked": {
        "lastModified": 1749115860,
        "narHash": "sha256-sOofCQHSvLwqKHDY0skjb7yUeY5gUA2mGPGAQFy1dGA=",
        "owner": "comentario",
        "repo": "comentario",
        "rev": "051591a59319933278049e93319b50cad88d081d",
        "type": "gitlab"
      },
      "original": {
        "owner": "comentario",
        "ref": "v3.14.0",
        "repo": "comentario",
        "type": "gitlab"
      }
    },
    "nixpkgs": {
      "locked": {
        "lastModified": 1758589230,
        "narHash": "sha256-zMTCFGe8aVGTEr2RqUi/QzC1nOIQ0N1HRsbqB4f646k=",
        "owner": "NixOS",
        "repo": "nixpkgs",
        "rev": "d1d883129b193f0b495d75c148c2c3a7d95789a0",
        "type": "github"
      },
      "original": {
        "owner": "NixOS",
        "ref": "nixos-25.05",
        "repo": "nixpkgs",
        "type": "github"
      }
    },
    "root": {
      "inputs": {
        "comentario": "comentario",
        "nixpkgs": "nixpkgs"
      }
    }
  },
  "root": "root",
  "version": 7
}
